{
  "version": "3",
  "redirects": {
    "https://lib.deno.dev/x/grammy@1.x/mod.ts": "https://deno.land/x/grammy@v1.25.0/mod.ts",
    "https://lib.deno.dev/x/grammy@1.x/types.ts": "https://deno.land/x/grammy@v1.25.0/types.ts",
    "https://lib.deno.dev/x/grammy@v1/mod.ts": "https://deno.land/x/grammy@v1.25.0/mod.ts"
  },
  "remote": {
    "https://cdn.skypack.dev/-/debug@v4.3.4-o4liVvMlOnQWbLSYZMXw/dist=es2019,mode=imports/optimized/debug.js": "671100993996e39b501301a87000607916d4d2d9f8fc8e9c5200ae5ba64a1389",
    "https://cdn.skypack.dev/-/ms@v2.1.2-giBDZ1IA5lmQ3ZXaa87V/dist=es2019,mode=imports/optimized/ms.js": "fd88e2d51900437011f1ad232f3393ce97db1b87a7844b3c58dd6d65562c1276",
    "https://cdn.skypack.dev/debug@4.3.4": "7b1d010cc930f71b940ba5941da055bc181115229e29de7214bdb4425c68ea76",
    "https://deno.land/std@0.192.0/_util/asserts.ts": "178dfc49a464aee693a7e285567b3d0b555dc805ff490505a8aae34f9cfb1462",
    "https://deno.land/std@0.192.0/_util/os.ts": "d932f56d41e4f6a6093d56044e29ce637f8dcc43c5a90af43504a889cf1775e3",
    "https://deno.land/std@0.192.0/fs/_util.ts": "fbf57dcdc9f7bc8128d60301eece608246971a7836a3bb1e78da75314f08b978",
    "https://deno.land/std@0.192.0/fs/walk.ts": "920be35a7376db6c0b5b1caf1486fb962925e38c9825f90367f8f26b5e5d0897",
    "https://deno.land/std@0.192.0/path/_constants.ts": "e49961f6f4f48039c0dfed3c3f93e963ca3d92791c9d478ac5b43183413136e0",
    "https://deno.land/std@0.192.0/path/_interface.ts": "6471159dfbbc357e03882c2266d21ef9afdb1e4aa771b0545e90db58a0ba314b",
    "https://deno.land/std@0.192.0/path/_util.ts": "d7abb1e0dea065f427b89156e28cdeb32b045870acdf865833ba808a73b576d0",
    "https://deno.land/std@0.192.0/path/common.ts": "ee7505ab01fd22de3963b64e46cff31f40de34f9f8de1fff6a1bd2fe79380000",
    "https://deno.land/std@0.192.0/path/glob.ts": "d479e0a695621c94d3fd7fe7abd4f9499caf32a8de13f25073451c6ef420a4e1",
    "https://deno.land/std@0.192.0/path/mod.ts": "f065032a7189404fdac3ad1a1551a9ac84751d2f25c431e101787846c86c79ef",
    "https://deno.land/std@0.192.0/path/posix.ts": "8b7c67ac338714b30c816079303d0285dd24af6b284f7ad63da5b27372a2c94d",
    "https://deno.land/std@0.192.0/path/separator.ts": "0fb679739d0d1d7bf45b68dacfb4ec7563597a902edbaf3c59b50d5bcadd93b1",
    "https://deno.land/std@0.192.0/path/win32.ts": "d186344e5583bcbf8b18af416d13d82b35a317116e6460a5a3953508c3de5bba",
    "https://deno.land/std@0.211.0/path/_common/assert_path.ts": "2ca275f36ac1788b2acb60fb2b79cb06027198bc2ba6fb7e163efaedde98c297",
    "https://deno.land/std@0.211.0/path/_common/basename.ts": "569744855bc8445f3a56087fd2aed56bdad39da971a8d92b138c9913aecc5fa2",
    "https://deno.land/std@0.211.0/path/_common/constants.ts": "dc5f8057159f4b48cd304eb3027e42f1148cf4df1fb4240774d3492b5d12ac0c",
    "https://deno.land/std@0.211.0/path/_common/strip_trailing_separators.ts": "7024a93447efcdcfeaa9339a98fa63ef9d53de363f1fbe9858970f1bba02655a",
    "https://deno.land/std@0.211.0/path/_os.ts": "8fb9b90fb6b753bd8c77cfd8a33c2ff6c5f5bc185f50de8ca4ac6a05710b2c15",
    "https://deno.land/std@0.211.0/path/basename.ts": "5d341aadb7ada266e2280561692c165771d071c98746fcb66da928870cd47668",
    "https://deno.land/std@0.211.0/path/posix/_util.ts": "1e3937da30f080bfc99fe45d7ed23c47dd8585c5e473b2d771380d3a6937cf9d",
    "https://deno.land/std@0.211.0/path/posix/basename.ts": "39ee27a29f1f35935d3603ccf01d53f3d6e0c5d4d0f84421e65bd1afeff42843",
    "https://deno.land/std@0.211.0/path/windows/_util.ts": "d5f47363e5293fced22c984550d5e70e98e266cc3f31769e1710511803d04808",
    "https://deno.land/std@0.211.0/path/windows/basename.ts": "e2dbf31d1d6385bfab1ce38c333aa290b6d7ae9e0ecb8234a654e583cf22f8fe",
    "https://deno.land/x/fluent@0.0.1/bundle/ast.ts": "5b6c57e6115ca4497fc15be9a854053c0700cbadb680956b8719d6e40eacc759",
    "https://deno.land/x/fluent@0.0.1/bundle/builtins.ts": "cdcb96c0b4d39bff48acf842c99e5df7262bd2a7dc8488cd6c73af3ecd3f783f",
    "https://deno.land/x/fluent@0.0.1/bundle/bundle.ts": "fd5822c4fb8b094896620c5f825280b3bb1acc8cf757c0c33666564771e319f4",
    "https://deno.land/x/fluent@0.0.1/bundle/memoizer.ts": "145e4d64156bca1f7fac51ca47eb31e15b0b31304ba4c8a1fe05e95a8ca85a96",
    "https://deno.land/x/fluent@0.0.1/bundle/mod.ts": "3cc7b28a32c4739fcccdac11d57b287af2b1cf3aa394c45a54028f196d82f405",
    "https://deno.land/x/fluent@0.0.1/bundle/resolver.ts": "58d0f9acc538b7306eb0e5b6838d40168bb0d025e53ddbb07be30003034062b9",
    "https://deno.land/x/fluent@0.0.1/bundle/resource.ts": "ae9f2a10d6f4c5ea5e944458f5ff7323356e8d75959c38be840a6c9cbca0e9e9",
    "https://deno.land/x/fluent@0.0.1/bundle/scope.ts": "a3978a7b22ee3f4f6abbaf9f42b1689fe4de9f59969c9731cfaf5ad31d153f4a",
    "https://deno.land/x/fluent@0.0.1/bundle/types.ts": "6e1b13bdd1fd8c9871bf2505479c90b8df5c527e728b4b1002f2e37529db3e58",
    "https://deno.land/x/fluent@0.0.1/langneg/accepted_languages.ts": "ecd1ba4b6bdbc5f39aae02cc32f635e7804ed53e98b48e3fdcb3d37f95db37c2",
    "https://deno.land/x/fluent@0.0.1/langneg/locale.ts": "2256820338dd9a1c5b5865b504a0a6b23cb15b51b7c54063cb04d08db21e007c",
    "https://deno.land/x/fluent@0.0.1/langneg/matches.ts": "d1f3ffc22e806b45b371d1efe8fc6aa1fa3dd861c150f30bd110498fee636b38",
    "https://deno.land/x/fluent@0.0.1/langneg/mod.ts": "0a90ba0878e57d899e96b25f71feb29c5b0339b216a5f90fa3edb0750ca8ff3b",
    "https://deno.land/x/fluent@0.0.1/langneg/negotiate_languages.ts": "0ad36deb38c1668c86ef84044e97d83bf6b135a06e941d7591f0e4c4339058dd",
    "https://deno.land/x/grammy@v1.25.0/bot.ts": "291fec55778b8ff25112be28ee24ed3d68ea58f8a07e6fe9584953c242564ef3",
    "https://deno.land/x/grammy@v1.25.0/composer.ts": "a86dcd6c83e91f720ceb85dab2b1c7b966fc18fc6440848b87b4897fcaa63fc8",
    "https://deno.land/x/grammy@v1.25.0/context.ts": "1e09130748415d44c0f51835cdaf75e42a2bb620ef94ffeb0c161b21cbbe1ece",
    "https://deno.land/x/grammy@v1.25.0/convenience/constants.ts": "1560129784be52f49aa0bea8716f09ed00dac367fef195be6a2c09bdfc43fb99",
    "https://deno.land/x/grammy@v1.25.0/convenience/frameworks.ts": "69f343980c349f9552a022ae732b3d5de0894013df0fd304b4ad29bd62425dc1",
    "https://deno.land/x/grammy@v1.25.0/convenience/inline_query.ts": "409d1940c7670708064efa495003bcbfdf6763a756b2e6303c464489fd3394ff",
    "https://deno.land/x/grammy@v1.25.0/convenience/input_media.ts": "7af72a5fdb1af0417e31b1327003f536ddfdf64e06ab8bc7f5da6b574de38658",
    "https://deno.land/x/grammy@v1.25.0/convenience/keyboard.ts": "6223ded897b1a02de2a35c5c2574415ca9bdf24538a136692e897ec51c16c76b",
    "https://deno.land/x/grammy@v1.25.0/convenience/session.ts": "931fc31b58c6c9fee1d969505027e060fc5a2784a9219d9303da84e849532071",
    "https://deno.land/x/grammy@v1.25.0/convenience/webhook.ts": "31efc3dd6b48bbe47aa13d2103461eda8c42835c507b08b5bf1500c3d8593ce8",
    "https://deno.land/x/grammy@v1.25.0/core/api.ts": "0f385b35fe398722e8184115deaf0435cb0f08cf9012d3eb1258aad8d66db79c",
    "https://deno.land/x/grammy@v1.25.0/core/client.ts": "df622a135e71229ffe722406850c9c08b90dcdd4d049b46926128599c73f9dc5",
    "https://deno.land/x/grammy@v1.25.0/core/error.ts": "553ec19e1ec51d8161d7f54891d345533aa07232005575549e8b7c919ee4795e",
    "https://deno.land/x/grammy@v1.25.0/core/payload.ts": "420e17c3c2830b5576ea187cfce77578fe09f1204b25c25ea2f220ca7c86e73b",
    "https://deno.land/x/grammy@v1.25.0/filter.ts": "80ff3358f05b352ac48f629cacbf54f2a88889552720821b7ef232b529952bed",
    "https://deno.land/x/grammy@v1.25.0/mod.ts": "7723e08709ff7fd01df3e463503e14e4fd1a581669380eed70351e1121e8a833",
    "https://deno.land/x/grammy@v1.25.0/platform.deno.ts": "68272a7e1d9a2d74d8a45342526485dbc0531dee812f675d7f8a4e7fc8393028",
    "https://deno.land/x/grammy@v1.25.0/types.deno.ts": "4e093ea34b567412e1aef8f76c03c1acd6c332da65a4d555c7b489184a5e5c56",
    "https://deno.land/x/grammy@v1.25.0/types.ts": "729415590dfa188dbe924dea614dff4e976babdbabb28a307b869fc25777cdf0",
    "https://deno.land/x/grammy_conversations@v2.0.1/conversation.ts": "abe044eef68249bd4564114971d9e1191b8b4aea09f910668e5cf867749c17fd",
    "https://deno.land/x/grammy_conversations@v2.0.1/deps.deno.ts": "a350861a6231f4116d747b306a24400b58831297cc869917d71fea03adb7a21c",
    "https://deno.land/x/grammy_conversations@v2.0.1/engine.ts": "66d894cf4b4ed650f5db87b08097f74fb16cb194f4f3631ae0b790eb37f1d3b0",
    "https://deno.land/x/grammy_conversations@v2.0.1/form.ts": "34738b38c6eb89667f09c8b42c96a8034cc4f117940523e0865a6348c468d5d1",
    "https://deno.land/x/grammy_conversations@v2.0.1/menu.ts": "ffb424e71a33bc2356ac478fa83751b914aa83d68264460637570ee2effe4a00",
    "https://deno.land/x/grammy_conversations@v2.0.1/mod.ts": "30f000df07292f6c01f4c0760aa9f597bd94f29519936ecd35c7b251bb8bba00",
    "https://deno.land/x/grammy_conversations@v2.0.1/nope.ts": "1bcd6961347c7144818281fb508af58c34ee33de8b6f60b4a871a05fc869a4c5",
    "https://deno.land/x/grammy_conversations@v2.0.1/plugin.ts": "66af5982aea12e7eee5826430b3e64c9d02517757beada2a1ef877fea807566a",
    "https://deno.land/x/grammy_conversations@v2.0.1/resolve.ts": "eda94d460a34b3c352d9d3479d082db5dfc0863063e34c957107333b6b4450bf",
    "https://deno.land/x/grammy_conversations@v2.0.1/state.ts": "fb98d6410bee9b109b580da8a3c4d873f661872e878151b2837aa09b7eceb613",
    "https://deno.land/x/grammy_conversations@v2.0.1/storage.ts": "6b8fa7f5a712c650946c1a5ecdfb24339d0c630f85a48cbddf8342447e84ec88",
    "https://deno.land/x/grammy_i18n@v1.1.0/deps.ts": "c1d2763e65f8ccf02fe3b32b9f1e1d2185039da30730d3f9525c63a6cae7aadc",
    "https://deno.land/x/grammy_i18n@v1.1.0/fluent.ts": "c4d6b4cf7aede9c25227b3e09aacc42e6ff381ef80bf1b476ba3ffdee284f74c",
    "https://deno.land/x/grammy_i18n@v1.1.0/i18n.ts": "7041c605d38fba0cf4ddc1e8bd65294e8ac1d51a201d539c9ce36dbb7e0ec22a",
    "https://deno.land/x/grammy_i18n@v1.1.0/mod.ts": "3250f0ecb81d4f0d7839b1d344c9453c5b7a79b7fca7d50b7ea89f91b7856cd9",
    "https://deno.land/x/grammy_i18n@v1.1.0/types.ts": "ee187fb5c34aca31aa72ed4a0df375f1e14001cffb302d490526cc23dd975b43",
    "https://deno.land/x/grammy_i18n@v1.1.0/utils.ts": "d880aef8dce05377a60e2e9c27b999b4936b97da1b50633bfa536f9f8c1daf92",
    "https://deno.land/x/grammy_i18n@v1.1.0/warning.ts": "65c80833a93d5c37fe691125998b50268c11ecd070c8e85e0ce7d220ad7a3d37",
    "https://deno.land/x/grammy_menu@v1.2.1/deps.deno.ts": "a94bbf0a453a4b8f0e2fd95b6da254433ecd3a828cabca3bd871558319bd2c7d",
    "https://deno.land/x/grammy_menu@v1.2.1/menu.ts": "8948b421f87efbedc220d64ef215e0c10b1330aa9895ec4e3fa5129d1e231aab",
    "https://deno.land/x/grammy_menu@v1.2.1/mod.ts": "ec3d890cabdb7ee1ea72f5fcd1b0b05a84c208975c34251e8a0e9a595e40713b",
    "https://deno.land/x/grammy_storages@v2.4.2/free/src/adapter.ts": "0a85a6363b12dd0f6d79d1ca469eb7677082050c2e60592441f929f95621dc0d",
    "https://deno.land/x/grammy_storages@v2.4.2/free/src/mod.ts": "6485c5bf548fc73446f54f397660a59ffcaf0bcc465b6050c2c762848c2c0ba5",
    "https://deno.land/x/grammy_types@v3.9.0/api.ts": "ae04d6628e3d25ae805bc07a19475065044fc44cde0a40877405bc3544d03a5f",
    "https://deno.land/x/grammy_types@v3.9.0/inline.ts": "9bc165676a2bb984525adf2c457cdf5f432016b25c3d399dceedfeaf638dbf29",
    "https://deno.land/x/grammy_types@v3.9.0/langs.ts": "5f5fd09c58ba3ae942dd7cea2696f95587d2032c1829bba4bca81762b7ef73b6",
    "https://deno.land/x/grammy_types@v3.9.0/manage.ts": "1520ae589dbfcdbfba1b8dcf5486c18ec880aaa7382e2ccf4f9176e8f79aa0e9",
    "https://deno.land/x/grammy_types@v3.9.0/markup.ts": "7430abcea68d294df73a433f621a37cf1281718d3e29e903ed1e474038c7489d",
    "https://deno.land/x/grammy_types@v3.9.0/message.ts": "d07eb19830f6c694ad468eb8b6201f6ffea1acb7565510da380b9ab66e699733",
    "https://deno.land/x/grammy_types@v3.9.0/methods.ts": "33cacec1eddec0ee1ced201af54401eda045197ccb7e72dea640b35165e6ba45",
    "https://deno.land/x/grammy_types@v3.9.0/mod.ts": "7ecea1d3f7085d64419b78183039c78d70d655aeaa8b07f118ffbfb823f5b0b7",
    "https://deno.land/x/grammy_types@v3.9.0/passport.ts": "19820e7d6c279521f8bc8912d6a378239f73d4ab525453808994b5f44ef95215",
    "https://deno.land/x/grammy_types@v3.9.0/payment.ts": "e12f89415d264c9c1e54e0b75f72ece2dbfbab68b4e8dd9cb8171758e85c355c",
    "https://deno.land/x/grammy_types@v3.9.0/settings.ts": "5e989f5bd6c587d55673bd8052293869aa2f372e9223dd7f6e28632bfe021b6e",
    "https://deno.land/x/grammy_types@v3.9.0/update.ts": "7033ebfbecf6fbbd2d68f7a3550c9b04e553228a2143104fc63c42dd7f8f6881",
    "https://deno.land/x/openai@v4.51.0/_shims/MultipartBody.ts": "fe06a56b54ae358c9cf99823096e34b36795fdba2e17513f0e9539210edd797d",
    "https://deno.land/x/openai@v4.51.0/_shims/mod.ts": "2e253cb26bfa7060bd37e45626e60e4bf3e7b3fb3e0f559fdfdeef94c73f9372",
    "https://deno.land/x/openai@v4.51.0/core.ts": "4d78de4c114f5048120eb34c4e94286e69e9c1453cb03791296e79e0e5713bc2",
    "https://deno.land/x/openai@v4.51.0/error.ts": "a8721373ee2bb58af749b537af4adf320f73b576b9f4263072e98c4a099578ad",
    "https://deno.land/x/openai@v4.51.0/lib/AbstractAssistantStreamRunner.ts": "2e7a0a6c3dc541d8eea15f0c2c6c394a4373458707103c210a4c7d1ddb04f5b7",
    "https://deno.land/x/openai@v4.51.0/lib/AbstractChatCompletionRunner.ts": "04e896780c3ac2a82de55e17823d6fef1e49ea7632d998149986ae45d2eb0c47",
    "https://deno.land/x/openai@v4.51.0/lib/AssistantStream.ts": "00257f487b45d1f0d4edf859da067c0d48e65b1b08400004a54ce572611d0cb2",
    "https://deno.land/x/openai@v4.51.0/lib/ChatCompletionRunner.ts": "0d1cc40d99cd64b7d573ab95f9cb75750f24f9829da91e12573122842985a2d0",
    "https://deno.land/x/openai@v4.51.0/lib/ChatCompletionStream.ts": "e5721b3a8c1edb8442c4ab11db947ae2437c6fc999fc2b53d3b1f4b3c27b3549",
    "https://deno.land/x/openai@v4.51.0/lib/ChatCompletionStreamingRunner.ts": "9bcaae3760dd5f9b54d5d4b2ba79b8731bb3dc79214c26e5d0bbdfe809747dd2",
    "https://deno.land/x/openai@v4.51.0/lib/RunnableFunction.ts": "f45a16776de983da6b65e5748eb2c581b6ea9d3849bda0026f24659cf0be2d2c",
    "https://deno.land/x/openai@v4.51.0/lib/Util.ts": "aa555aecdbba8b0ae2e8a982a6797cabc0942fa0d2e99ce629d243d9032941b8",
    "https://deno.land/x/openai@v4.51.0/lib/chatCompletionUtils.ts": "4991d3e698a54f8e4273eb0f1d73851f7ba549a0a32fabbcd739627677003cb9",
    "https://deno.land/x/openai@v4.51.0/lib/jsonschema.ts": "ed31a7861e19e505c43aa7612579b2739243ee8e8dd47ccb5f8908fa5ff3b5f0",
    "https://deno.land/x/openai@v4.51.0/mod.ts": "610c80aa45162b64dbe37580c1d1d658e77fe61d2991443bc10e14e2e2c7aef9",
    "https://deno.land/x/openai@v4.51.0/pagination.ts": "02a6737ca6c987cab6effa2788327d022b9e0edc95dd98db0be986383f484e22",
    "https://deno.land/x/openai@v4.51.0/resource.ts": "c496dbda8dc6324d25fcef3d7233310935259d6aa0baf4b0d95039e4913f6380",
    "https://deno.land/x/openai@v4.51.0/resources/audio/audio.ts": "baddf217421e2c09aa67d6977d9d98bc119edb7167ae6fd3e821778d8c702f19",
    "https://deno.land/x/openai@v4.51.0/resources/audio/speech.ts": "bc653097f1bb269c7344d8ef01251f6b8d2fa6df8fcc0856a80a46b901941cef",
    "https://deno.land/x/openai@v4.51.0/resources/audio/transcriptions.ts": "46398700125fe555415cff2bc70edb71b4969f6dda2e18af4916c6c21269120f",
    "https://deno.land/x/openai@v4.51.0/resources/audio/translations.ts": "ff91c4bd465448e1adc6206bc4824ff6b6869a82b2275976f874bcce61dca24c",
    "https://deno.land/x/openai@v4.51.0/resources/batches.ts": "894dac1b37dc376e3ecdcd7cdf4771c3fa256196057d39dc5fc523408639343a",
    "https://deno.land/x/openai@v4.51.0/resources/beta/assistants.ts": "aa60323579071740ed08639df10fa64b73f52c08230a701647a939ae30ec5fd1",
    "https://deno.land/x/openai@v4.51.0/resources/beta/beta.ts": "2e4c2ad66515f2ec5a1e3a2ccb6f29425b5a06bf2b8a600efb3e4303e61e516a",
    "https://deno.land/x/openai@v4.51.0/resources/beta/chat/chat.ts": "80dc8786a4b895e9fb152495496f44ac669e95fbb9c2f5a3c0bd379f408b1e1c",
    "https://deno.land/x/openai@v4.51.0/resources/beta/chat/completions.ts": "5e15cb9095f34d2a51e6e79a83dc5a53dc32e9ab99e607ba59732271612ffd19",
    "https://deno.land/x/openai@v4.51.0/resources/beta/threads/messages.ts": "c3529dee4196a2765cd637d69116bd07e2273c4aa9388f346cea6af4c96a8c78",
    "https://deno.land/x/openai@v4.51.0/resources/beta/threads/runs/runs.ts": "4607db31984959f03dc738b3e55447e19606c4054378bbd8465af6f22a435dc3",
    "https://deno.land/x/openai@v4.51.0/resources/beta/threads/runs/steps.ts": "5779f252e93f661bdcf391ec8ba41589fec252862b072f7517a0dc858c323595",
    "https://deno.land/x/openai@v4.51.0/resources/beta/threads/threads.ts": "9e9e0357dd4c8f3ac9b8bcda948abdb5454c49cda2c177fb9ba2c4afb68e3438",
    "https://deno.land/x/openai@v4.51.0/resources/beta/vector-stores/file-batches.ts": "c5cbd13d261dff44bc84f4340d675a8b702d33205b911faaf53958b07a47d3d1",
    "https://deno.land/x/openai@v4.51.0/resources/beta/vector-stores/files.ts": "4aadeec93cdcc1fad9b527284d1cbb4a5857fa2b2db2b481a4ad3398412de3ab",
    "https://deno.land/x/openai@v4.51.0/resources/beta/vector-stores/vector-stores.ts": "17cfdd05fc729c705c973222dbbe9e763936dbd384549899425017d8fc2af530",
    "https://deno.land/x/openai@v4.51.0/resources/chat/chat.ts": "35c93c4388e9727fff7dcec6f09eb82d8b9f6d246b34ec219741b26e2d1c78de",
    "https://deno.land/x/openai@v4.51.0/resources/chat/completions.ts": "17810ec7472d604a3dbb97a82c019d5dbbd94e24c08c62d8c65ac0be0193d863",
    "https://deno.land/x/openai@v4.51.0/resources/chat/mod.ts": "533faa7d352b1291cac0200a91e5c638361070285336631a76a0a26debc99d60",
    "https://deno.land/x/openai@v4.51.0/resources/completions.ts": "fc5ff206f8956e3bbc6183dd0661fc58b064d06beab11655b6162157e8896c4a",
    "https://deno.land/x/openai@v4.51.0/resources/embeddings.ts": "4009ae23c3d376826a080553feed55e32e3be959ba4543b9377aaa2537ef78d4",
    "https://deno.land/x/openai@v4.51.0/resources/files.ts": "053723df6a8599970548e270083279dd9bb590a1569c0f163b261b69f7585031",
    "https://deno.land/x/openai@v4.51.0/resources/fine-tuning/fine-tuning.ts": "5cb89d96fc6d914ae2d68257a4d08a1f12c140c12b7892a14393177ca9c4ca2b",
    "https://deno.land/x/openai@v4.51.0/resources/fine-tuning/jobs/checkpoints.ts": "0b225258a1e92a81c992721bf4259ec4eccd6225562cf576432e97ee838ccc67",
    "https://deno.land/x/openai@v4.51.0/resources/fine-tuning/jobs/jobs.ts": "0159a643db2de61afd948c2e689e4313a8f81edb94548c7b9da4605604a00621",
    "https://deno.land/x/openai@v4.51.0/resources/images.ts": "412919440b470e346df93bae418506f4da5202b38bd15b415140d105cb29b19d",
    "https://deno.land/x/openai@v4.51.0/resources/mod.ts": "8f81e21bf165952f01e2ac9a6a05d1e1c3e820611f61ee62148cb878b2f92131",
    "https://deno.land/x/openai@v4.51.0/resources/models.ts": "1ed29e3f7126c2574ba5567646a66495916d52dc754c3b3c435cd9329997ab2b",
    "https://deno.land/x/openai@v4.51.0/resources/moderations.ts": "fbda1ed24bcbed6627b611c58964b706e88aac848b5efbec0cc1c45320d53236",
    "https://deno.land/x/openai@v4.51.0/resources/shared.ts": "3e8f4151a77d5dbe1e76ac2af061dc49463790adca54ad6e242a21c7c85114ec",
    "https://deno.land/x/openai@v4.51.0/streaming.ts": "04f85a25d5143758473521223e58003a59cc617fa57755e5a62ba96741cb50ef",
    "https://deno.land/x/openai@v4.51.0/uploads.ts": "33857c766326193dd038ca77382f3b361ef92038a938de312f3f95aa77531a46",
    "https://deno.land/x/openai@v4.51.0/version.ts": "874e0b98db865531b7f8d4bcf27ded99cced62cc7fde7416390c8ca106c5a00f",
    "https://deno.land/x/openai@v4.69.0/_shims/MultipartBody.ts": "fe06a56b54ae358c9cf99823096e34b36795fdba2e17513f0e9539210edd797d",
    "https://deno.land/x/openai@v4.69.0/_shims/mod.ts": "2e253cb26bfa7060bd37e45626e60e4bf3e7b3fb3e0f559fdfdeef94c73f9372",
    "https://deno.land/x/openai@v4.69.0/_vendor/partial-json-parser/parser.ts": "5ee7caf85edb570fb4b95a81e8fb48fc3c9450b70a46efe7f9c1a2010738d060",
    "https://deno.land/x/openai@v4.69.0/core.ts": "1a22d633616438e05192c7220c2e6206ce16fb1c46316a50ac4b0e786b1617cb",
    "https://deno.land/x/openai@v4.69.0/error.ts": "ffe2c1e6a373a88593c70289b94a44a508a925fde16807e489fa146b538f37de",
    "https://deno.land/x/openai@v4.69.0/internal/decoders/line.ts": "6ca47bdd694f2b96506012aa3f4d23a82d71d44dbe66f6f07d62e4733b161bfb",
    "https://deno.land/x/openai@v4.69.0/internal/qs/formats.ts": "7bbe68548238a984644a723bd045614c5b0e81c1a0ae5c3acc050931442d67d7",
    "https://deno.land/x/openai@v4.69.0/internal/qs/mod.ts": "eab02831aa5e2896d12b824cebf9b2c3a0fc718e8488a05b6d7c2d35895c102a",
    "https://deno.land/x/openai@v4.69.0/internal/qs/stringify.ts": "777514fc7107d6878a8ac80897bd4ca6f9be7ecf67ecf51f57359ec5e7186763",
    "https://deno.land/x/openai@v4.69.0/internal/qs/utils.ts": "9a2ecb6321ed49aa4e6f7cd7a47778365c7c3778283264c7c5e1756bfd7b97d1",
    "https://deno.land/x/openai@v4.69.0/lib/AbstractChatCompletionRunner.ts": "be24ad750e83495a1ec0ea2a6695798f6210e5f939a5d358597f3e46836c7d7c",
    "https://deno.land/x/openai@v4.69.0/lib/AssistantStream.ts": "4d7ab356cc77299e98a5926908ed080de2af0083bba6a1ffeb5509bc8f8d0a9d",
    "https://deno.land/x/openai@v4.69.0/lib/ChatCompletionRunner.ts": "f2038e4b0000d59bdfe601703ca9326085e493ba4b90ed8186a61d75d2377248",
    "https://deno.land/x/openai@v4.69.0/lib/ChatCompletionStream.ts": "4cb95561b01aa471895d398f1461a96c7272b0efd2c010ad1d4b9620a7ae1f47",
    "https://deno.land/x/openai@v4.69.0/lib/ChatCompletionStreamingRunner.ts": "35f8658c5fb354a724f59eca13731523bf565520b5923c00d995b09e2ea9a56f",
    "https://deno.land/x/openai@v4.69.0/lib/EventStream.ts": "14836091490ea45c9d1168dd91c179dbad7757ca7c7f953049f2bce10b0cbf6e",
    "https://deno.land/x/openai@v4.69.0/lib/RunnableFunction.ts": "640a9d35f27b470a95711d841295ccc530b851dec274f9a70bcd12cb04041545",
    "https://deno.land/x/openai@v4.69.0/lib/Util.ts": "aa555aecdbba8b0ae2e8a982a6797cabc0942fa0d2e99ce629d243d9032941b8",
    "https://deno.land/x/openai@v4.69.0/lib/chatCompletionUtils.ts": "4991d3e698a54f8e4273eb0f1d73851f7ba549a0a32fabbcd739627677003cb9",
    "https://deno.land/x/openai@v4.69.0/lib/jsonschema.ts": "ed31a7861e19e505c43aa7612579b2739243ee8e8dd47ccb5f8908fa5ff3b5f0",
    "https://deno.land/x/openai@v4.69.0/lib/parser.ts": "1461923499c521d97bdb7223adc228b3e1073f52d7d7c48822423081b8cc5c0c",
    "https://deno.land/x/openai@v4.69.0/mod.ts": "c6a4cb63aa253223a0de019872b6ec6fdbeb5dcec321e35a520484b3fea91904",
    "https://deno.land/x/openai@v4.69.0/pagination.ts": "02a6737ca6c987cab6effa2788327d022b9e0edc95dd98db0be986383f484e22",
    "https://deno.land/x/openai@v4.69.0/resource.ts": "c496dbda8dc6324d25fcef3d7233310935259d6aa0baf4b0d95039e4913f6380",
    "https://deno.land/x/openai@v4.69.0/resources/audio/audio.ts": "45b72cb5faa51c5823d7cc6b7629887373a0f3ccff6509c2d591ef08f1429a56",
    "https://deno.land/x/openai@v4.69.0/resources/audio/speech.ts": "406fd5cb6d9799dfbad09f4c9156797114550552f63d9a1822846b4e79f1950e",
    "https://deno.land/x/openai@v4.69.0/resources/audio/transcriptions.ts": "c0c9bdfb7a8c118947c70e8bb0d6e3e448c2a7dbf79ebfaa8beca5398dad87cb",
    "https://deno.land/x/openai@v4.69.0/resources/audio/translations.ts": "b09cafa74f0f4e9a6d78a687d898d1d9057556142c7df6d5b469f2693a8911d9",
    "https://deno.land/x/openai@v4.69.0/resources/batches.ts": "c74d0c40fd748fae60107297a10a62a1a98a646ac2a1b20e9be8499bdceeda57",
    "https://deno.land/x/openai@v4.69.0/resources/beta/assistants.ts": "dcf463ceb2424d6cbf8a3785c7d4074226b4a45388567773e5b88d62b81d871b",
    "https://deno.land/x/openai@v4.69.0/resources/beta/beta.ts": "18d141633c9ca356feed84f71789d37a0076f711012de4f0120a50226f9eaf88",
    "https://deno.land/x/openai@v4.69.0/resources/beta/chat/chat.ts": "80dc8786a4b895e9fb152495496f44ac669e95fbb9c2f5a3c0bd379f408b1e1c",
    "https://deno.land/x/openai@v4.69.0/resources/beta/chat/completions.ts": "4599a35da9351cd58ab46e536c3f62e207762f64655786de1f931438c125bf57",
    "https://deno.land/x/openai@v4.69.0/resources/beta/threads/messages.ts": "51acea64463644078110c67e280a49f630a8cefa62d7cff20c8e2e1fa10ebf0d",
    "https://deno.land/x/openai@v4.69.0/resources/beta/threads/runs/runs.ts": "a26a407ef55673e38e6c51abc8623a6469aed59d8a8fdde8706993e54694cb27",
    "https://deno.land/x/openai@v4.69.0/resources/beta/threads/runs/steps.ts": "6c4860df114632ff38fafb2e1dc7485b77dcf88570bc07544016c847db4ed21b",
    "https://deno.land/x/openai@v4.69.0/resources/beta/threads/threads.ts": "e410ba22441ce0d8dcfc155a5b57823189ff77ece733f6e8b932db4f3706f22f",
    "https://deno.land/x/openai@v4.69.0/resources/beta/vector-stores/file-batches.ts": "9b727c0aa5306580bfc0c474ce1871968707dfa3906fba05d737f95cc05af406",
    "https://deno.land/x/openai@v4.69.0/resources/beta/vector-stores/files.ts": "fff8fa00e3df2608741e7b83a95264b3bf9400bf9fe820e2a5ae72d7ea3f0198",
    "https://deno.land/x/openai@v4.69.0/resources/beta/vector-stores/vector-stores.ts": "544bdb83534d746d5577801c092a92e1d515571d68fa6509954089b11e813c91",
    "https://deno.land/x/openai@v4.69.0/resources/chat/chat.ts": "8209074deaa9a91a7c0fb660eba0bf09358c450cb0e9a2c0ed3df902e05658f6",
    "https://deno.land/x/openai@v4.69.0/resources/chat/completions.ts": "86e69cd410849236487f72a2086045c3a350de9b34552c2eb1716252c0f45268",
    "https://deno.land/x/openai@v4.69.0/resources/chat/mod.ts": "5bf995771df8aa7e86c1ede244f3d710841fb60276456e016a2f5fca595f3388",
    "https://deno.land/x/openai@v4.69.0/resources/completions.ts": "eed691559845988ce6ae9149fd4529977addb38174cb94165ebb7fc101fe052d",
    "https://deno.land/x/openai@v4.69.0/resources/embeddings.ts": "f85f38aeb2963535a11065b4a1852e07ab5428ec1b0b7997d3d1027f0d4adc4d",
    "https://deno.land/x/openai@v4.69.0/resources/files.ts": "b3edff249bbd1bd29c4bac1d2d32dfb44e9afbea0cbf31f37b240748059cff55",
    "https://deno.land/x/openai@v4.69.0/resources/fine-tuning/fine-tuning.ts": "5cb89d96fc6d914ae2d68257a4d08a1f12c140c12b7892a14393177ca9c4ca2b",
    "https://deno.land/x/openai@v4.69.0/resources/fine-tuning/jobs/checkpoints.ts": "d5a62d828186fb54b50ac2aa0f82a8f9b0c66a7ece0728e79e30cf6e19251bdf",
    "https://deno.land/x/openai@v4.69.0/resources/fine-tuning/jobs/jobs.ts": "cce555739996ad8611963b2d68d328c757fa1535fa8fc347982ca8fae2d3d7ac",
    "https://deno.land/x/openai@v4.69.0/resources/images.ts": "5774e74b1e88b7ba696272fac83a41c1558737d2640da64bcdfb11ba253b0943",
    "https://deno.land/x/openai@v4.69.0/resources/mod.ts": "feac7be25f772e37663e9764a5c6ba6d95ee8aa44a664e119a858bd8c005f52f",
    "https://deno.land/x/openai@v4.69.0/resources/models.ts": "fc8620e0d93158560be0e941bbb298870c7f85515ec2a411602fb46a1269ea93",
    "https://deno.land/x/openai@v4.69.0/resources/moderations.ts": "b9fb1e5f9597b46628f0181decbbcef7abf54bfbe0f57953669e6c26b45ed6ee",
    "https://deno.land/x/openai@v4.69.0/resources/shared.ts": "79abd8e478551d04209384197e86a7bc390a5a3de5d10b0f60aa67c9af4ad3b4",
    "https://deno.land/x/openai@v4.69.0/resources/uploads/parts.ts": "261610445bbbacdf913aec27d9084dbdd95c524b5eb74c0a3b9cb650d6135584",
    "https://deno.land/x/openai@v4.69.0/resources/uploads/uploads.ts": "6d42e5238aecba708eed1b48ad5eab37d7a9950d06e5f74aa059c8b94cfeff36",
    "https://deno.land/x/openai@v4.69.0/streaming.ts": "cde0b254d2a56e2e737b93a80109bead39ebfe9a44595f4d6625a3e1b56311d0",
    "https://deno.land/x/openai@v4.69.0/uploads.ts": "8dd7822de2fdb6a46be3941af43788000d4a2b56104180403f68999370d04542",
    "https://deno.land/x/openai@v4.69.0/version.ts": "b3c8e3c467769a9a5fc99440804b57eacfa99303e796e22350972a77d67744c2",
    "https://esm.sh/@supabase/supabase-js@2.43.4": "b6163f4f90c7018f43fdd9bab1b7ef5bcbb74114352de77dfbc49e53e23a0174",
    "https://esm.sh/v135/@supabase/auth-js@2.64.2/denonext/auth-js.mjs": "f87ccfa4e23123f7ab122f814fa37ce26c00457a3e32cea718a726d72fec1f37",
    "https://esm.sh/v135/@supabase/functions-js@2.3.1/denonext/functions-js.mjs": "c10a0bbd935fc12cae58918b8e23cb339d54c443983caeb597dd8cd76a76f940",
    "https://esm.sh/v135/@supabase/node-fetch@2.6.15/denonext/node-fetch.mjs": "efad00ea3d4cbe1bee688836ef75339d49a1981bc5728a13e9ad5f26791d5efb",
    "https://esm.sh/v135/@supabase/postgrest-js@1.15.2/denonext/postgrest-js.mjs": "1d36cf3106c6dd6ce21473b57d88478802ceef6d22e67af1f92c508607302e50",
    "https://esm.sh/v135/@supabase/realtime-js@2.9.5/denonext/realtime-js.mjs": "a8648545237fed582a2a01d72d2d9ed9fa28b6adbcba8a844c58cc90d526760d",
    "https://esm.sh/v135/@supabase/storage-js@2.5.5/denonext/storage-js.mjs": "66e29e4e55c7d396503e2d1d9376cfbc34f046b962bce4524c2d80b209fff413",
    "https://esm.sh/v135/@supabase/supabase-js@2.43.4/denonext/supabase-js.mjs": "c720cd318866b1b4301b3048df7db467b24bbccc5e760de43cf36952be4a68a3",
    "https://esm.sh/v135/bufferutil@4.0.8/denonext/bufferutil.mjs": "60a4618cbd1a5cb24935c55590b793d4ecb33862357d32e1d4614a0bbb90947f",
    "https://esm.sh/v135/node-gyp-build@4.6.1/denonext/node-gyp-build.mjs": "5d28b312f145a6cb2ec0dbdd80a7d34c0e0e6b5dcada65411d8bcff6c8991cc6",
    "https://esm.sh/v135/utf-8-validate@6.0.3/denonext/utf-8-validate.mjs": "410c48d66840e987e474a4849cd25829817415cedd25466280effb1287d05aa5",
    "https://esm.sh/v135/ws@8.17.0/denonext/ws.mjs": "098384c6d6b787c4074dae8141a61bfa93a271ccb699b4b426c75141c9ef5560"
  }
}
